{
  "version": "5",
  "specifiers": {
    "jsr:@katayama8000/cosense-client@*": "0.1.7",
    "npm:@types/node@*": "22.15.15",
    "npm:dayjs@1.11.10": "1.11.10",
    "npm:playwright-core@*": "1.45.3",
    "npm:playwright@1.45.3": "1.45.3"
  },
  "jsr": {
    "@katayama8000/cosense-client@0.1.7": {
      "integrity": "c5ad9371c33cef57d6be4cb7509bccf52450a97be29a562dabf924815bfd008c"
    }
  },
  "npm": {
    "@types/node@22.15.15": {
      "integrity": "sha512-R5muMcZob3/Jjchn5LcO8jdKwSCbzqmPB6ruBxMcf9kbxtniZHP327s6C37iOfuw8mbKK3cAQa7sEl7afLrQ8A==",
      "dependencies": [
        "undici-types"
      ]
    },
    "dayjs@1.11.10": {
      "integrity": "sha512-vjAczensTgRcqDERK0SR2XMwsF/tSvnvlv6VcF2GIhg6Sx4yOIt/irsr1RDJsKiIyBzJDpCoXiWWq28MqH2cnQ=="
    },
    "fsevents@2.3.2": {
      "integrity": "sha512-xiqMQR4xAeHTuB9uWm+fFRcIOgKBMiOBP+eXiyT7jsgVCq1bkVygt00oASowB7EdtpOHaaPgKt812P9ab+DDKA==",
      "os": ["darwin"],
      "scripts": true
    },
    "playwright-core@1.45.3": {
      "integrity": "sha512-+ym0jNbcjikaOwwSZycFbwkWgfruWvYlJfThKYAlImbxUgdWFO2oW70ojPm4OpE4t6TAo2FY/smM+hpVTtkhDA==",
      "bin": true
    },
    "playwright@1.45.3": {
      "integrity": "sha512-QhVaS+lpluxCaioejDZ95l4Y4jSFCsBvl2UZkpeXlzxmqS+aABr5c82YmfMHrL6x27nvrvykJAFpkzT2eWdJww==",
      "dependencies": [
        "playwright-core"
      ],
      "optionalDependencies": [
        "fsevents"
      ],
      "bin": true
    },
    "undici-types@6.21.0": {
      "integrity": "sha512-iwDZqg0QAGrg9Rav5H4n0M64c3mkR59cJ6wQp+7C4nI0gsmExaedaYLNO44eT4AtBBwjbTiGPMlt2Md0T9H9JQ=="
    }
  },
  "remote": {
    "https://deno.land/std@0.224.0/dotenv/load.ts": "587b342f0f6a3df071331fe6ba1c823729ab68f7d53805809475e486dd4161d7",
    "https://deno.land/std@0.224.0/dotenv/mod.ts": "0180eaeedaaf88647318811cdaa418cc64dc51fb08354f91f5f480d0a1309f7d",
    "https://deno.land/std@0.224.0/dotenv/parse.ts": "09977ff88dfd1f24f9973a338f0f91bbdb9307eb5ff6085446e7c423e4c7ba0c",
    "https://deno.land/std@0.224.0/dotenv/stringify.ts": "275da322c409170160440836342eaa7cf012a1d11a7e700d8ca4e7f2f8aa4615"
  },
  "workspace": {
    "dependencies": [
      "jsr:@katayama8000/cosense-client@*",
      "npm:dayjs@1.11.10",
      "npm:playwright@1.45.3"
    ]
  }
}
